
Microsoft Visual Studio Solution File, Format Version 12.00
# Visual Studio Version 16
VisualStudioVersion = 16.0.810.8
MinimumVisualStudioVersion = 10.0.40219.1
Project("{FAE04EC0-301F-11D3-BF4B-00C04F79EFBC}") = "ASD_02", "ASD_02\ASD_02.csproj", "{FEFFFA1B-66BF-488F-B31B-4F67371E8092}"
EndProject
Global
	GlobalSection(SolutionConfigurationPlatforms) = preSolution
		Debug|Any CPU = Debug|Any CPU
		Release|Any CPU = Release|Any CPU
	EndGlobalSection
	GlobalSection(ProjectConfigurationPlatforms) = postSolution
		{FEFFFA1B-66BF-488F-B31B-4F67371E8092}.Debug|Any CPU.ActiveCfg = Debug|Any CPU
		{FEFFFA1B-66BF-488F-B31B-4F67371E8092}.Debug|Any CPU.Build.0 = Debug|Any CPU
		{FEFFFA1B-66BF-488F-B31B-4F67371E8092}.Release|Any CPU.ActiveCfg = Release|Any CPU
		{FEFFFA1B-66BF-488F-B31B-4F67371E8092}.Release|Any CPU.Build.0 = Release|Any CPU
	EndGlobalSection
	GlobalSection(SolutionProperties) = preSolution
		HideSolutionNode = FALSE
	EndGlobalSection
	GlobalSection(ExtensibilityGlobals) = postSolution
		SolutionGuid = {56FC459F-15F6-463D-9989-516C151DB9F3}
	EndGlobalSection
EndGlobal
